
Microsoft Visual Studio Solution File, Format Version 12.00
# Visual Studio Version 17
VisualStudioVersion = 17.7.34221.43
MinimumVisualStudioVersion = 10.0.40219.1
Project("{9A19103F-16F7-4668-BE54-9A1E7A4F7556}") = "FinanceManagerAPI", "FinanceManagerAPI\FinanceManagerAPI.csproj", "{5BC32557-22E6-4F13-A61D-B6CE004E2833}"
EndProject
Project("{9A19103F-16F7-4668-BE54-9A1E7A4F7556}") = "FinanceManagerBlazorApp", "FinanceManagerBlazorApp\FinanceManagerBlazorApp.csproj", "{24B88611-B12F-439A-AA9A-00F4B8A14982}"
EndProject
Global
	GlobalSection(SolutionConfigurationPlatforms) = preSolution
		Debug|Any CPU = Debug|Any CPU
		Release|Any CPU = Release|Any CPU
	EndGlobalSection
	GlobalSection(ProjectConfigurationPlatforms) = postSolution
		{5BC32557-22E6-4F13-A61D-B6CE004E2833}.Debug|Any CPU.ActiveCfg = Debug|Any CPU
		{5BC32557-22E6-4F13-A61D-B6CE004E2833}.Debug|Any CPU.Build.0 = Debug|Any CPU
		{5BC32557-22E6-4F13-A61D-B6CE004E2833}.Release|Any CPU.ActiveCfg = Release|Any CPU
		{5BC32557-22E6-4F13-A61D-B6CE004E2833}.Release|Any CPU.Build.0 = Release|Any CPU
		{24B88611-B12F-439A-AA9A-00F4B8A14982}.Debug|Any CPU.ActiveCfg = Debug|Any CPU
		{24B88611-B12F-439A-AA9A-00F4B8A14982}.Debug|Any CPU.Build.0 = Debug|Any CPU
		{24B88611-B12F-439A-AA9A-00F4B8A14982}.Release|Any CPU.ActiveCfg = Release|Any CPU
		{24B88611-B12F-439A-AA9A-00F4B8A14982}.Release|Any CPU.Build.0 = Release|Any CPU
	EndGlobalSection
	GlobalSection(SolutionProperties) = preSolution
		HideSolutionNode = FALSE
	EndGlobalSection
	GlobalSection(ExtensibilityGlobals) = postSolution
		SolutionGuid = {054D3C9F-3F5C-4594-94F1-921F91712E63}
	EndGlobalSection
EndGlobal
